
Microsoft Visual Studio Solution File, Format Version 12.00
# Visual Studio 15
VisualStudioVersion = 15.0.33423.255
MinimumVisualStudioVersion = 10.0.40219.1
Project("{FAE04EC0-301F-11D3-BF4B-00C04F79EFBC}") = "MefodyLibrary", "MefodyLibrary\MefodyLibrary.csproj", "{CA8C201D-077E-457D-BFC3-D3C0CF447638}"
EndProject
Project("{FAE04EC0-301F-11D3-BF4B-00C04F79EFBC}") = "Mefody.Test", "Mefody.Test\Mefody.Test.csproj", "{7FE9267A-8200-42D2-BA24-0CE56ADF3329}"
EndProject
Global
	GlobalSection(SolutionConfigurationPlatforms) = preSolution
		Debug|Any CPU = Debug|Any CPU
		Release|Any CPU = Release|Any CPU
	EndGlobalSection
	GlobalSection(ProjectConfigurationPlatforms) = postSolution
		{CA8C201D-077E-457D-BFC3-D3C0CF447638}.Debug|Any CPU.ActiveCfg = Debug|Any CPU
		{CA8C201D-077E-457D-BFC3-D3C0CF447638}.Debug|Any CPU.Build.0 = Debug|Any CPU
		{CA8C201D-077E-457D-BFC3-D3C0CF447638}.Release|Any CPU.ActiveCfg = Release|Any CPU
		{CA8C201D-077E-457D-BFC3-D3C0CF447638}.Release|Any CPU.Build.0 = Release|Any CPU
		{7FE9267A-8200-42D2-BA24-0CE56ADF3329}.Debug|Any CPU.ActiveCfg = Debug|Any CPU
		{7FE9267A-8200-42D2-BA24-0CE56ADF3329}.Debug|Any CPU.Build.0 = Debug|Any CPU
		{7FE9267A-8200-42D2-BA24-0CE56ADF3329}.Release|Any CPU.ActiveCfg = Release|Any CPU
		{7FE9267A-8200-42D2-BA24-0CE56ADF3329}.Release|Any CPU.Build.0 = Release|Any CPU
	EndGlobalSection
	GlobalSection(SolutionProperties) = preSolution
		HideSolutionNode = FALSE
	EndGlobalSection
	GlobalSection(ExtensibilityGlobals) = postSolution
		SolutionGuid = {D3B5FF51-3F7D-48E7-9C2A-6EB2A315F075}
	EndGlobalSection
EndGlobal
